
Microsoft Visual Studio Solution File, Format Version 12.00
# Visual Studio Version 17
VisualStudioVersion = 17.5.002.0
MinimumVisualStudioVersion = 10.0.40219.1
Project("{2150E333-8FDC-42A3-9474-1A3956D46DE8}") = "todolist_API", "todolist_API", "{7C45F1E5-A63B-49D5-988C-42F421C672C9}"
EndProject
Project("{9A19103F-16F7-4668-BE54-9A1E7A4F7556}") = "MyApi", "todolist_API\MyApi\MyApi.csproj", "{9D99271F-B879-40C0-B799-E9EC7756DEBA}"
EndProject
Global
	GlobalSection(SolutionConfigurationPlatforms) = preSolution
		Debug|Any CPU = Debug|Any CPU
		Release|Any CPU = Release|Any CPU
	EndGlobalSection
	GlobalSection(ProjectConfigurationPlatforms) = postSolution
		{9D99271F-B879-40C0-B799-E9EC7756DEBA}.Debug|Any CPU.ActiveCfg = Debug|Any CPU
		{9D99271F-B879-40C0-B799-E9EC7756DEBA}.Debug|Any CPU.Build.0 = Debug|Any CPU
		{9D99271F-B879-40C0-B799-E9EC7756DEBA}.Release|Any CPU.ActiveCfg = Release|Any CPU
		{9D99271F-B879-40C0-B799-E9EC7756DEBA}.Release|Any CPU.Build.0 = Release|Any CPU
	EndGlobalSection
	GlobalSection(SolutionProperties) = preSolution
		HideSolutionNode = FALSE
	EndGlobalSection
	GlobalSection(NestedProjects) = preSolution
		{9D99271F-B879-40C0-B799-E9EC7756DEBA} = {7C45F1E5-A63B-49D5-988C-42F421C672C9}
	EndGlobalSection
	GlobalSection(ExtensibilityGlobals) = postSolution
		SolutionGuid = {4499AB15-22EF-4F92-8E85-FD88B35B1B9D}
	EndGlobalSection
EndGlobal
